
Microsoft Visual Studio Solution File, Format Version 12.00
# Visual Studio Version 16
VisualStudioVersion = 16.0.34114.132
MinimumVisualStudioVersion = 10.0.40219.1
Project("{8BC9CEB8-8B4A-11D0-8D11-00A0C91BC942}") = "KSYProject", "KSYProject\KSYProject.vcxproj", "{94CB3E72-E140-4D82-85E6-1983973253B4}"
EndProject
Project("{8BC9CEB8-8B4A-11D0-8D11-00A0C91BC942}") = "CLang_0", "CLang_0\CLang_0.vcxproj", "{FB07C77A-0F41-45CD-994D-B2F8CEAF968D}"
EndProject
Project("{8BC9CEB8-8B4A-11D0-8D11-00A0C91BC942}") = "CLang_1", "CLang_1\CLang_1.vcxproj", "{AADDE72C-2933-4C05-8086-51870FC362A7}"
EndProject
Project("{2150E333-8FDC-42A3-9474-1A3956D46DE8}") = "CLang", "CLang", "{E7296ADA-1803-4626-80E4-400D2655CFFF}"
EndProject
Project("{2150E333-8FDC-42A3-9474-1A3956D46DE8}") = "C++", "C++", "{512435C1-8B0C-4490-8582-F3EECF56DC3A}"
EndProject
Project("{8BC9CEB8-8B4A-11D0-8D11-00A0C91BC942}") = "CLang_2", "CLang_2\CLang_2.vcxproj", "{FD24B9AC-76DB-41EC-9AFA-5540E908A5CE}"
EndProject
Project("{8BC9CEB8-8B4A-11D0-8D11-00A0C91BC942}") = "CLang_3", "CLang_3\CLang_3.vcxproj", "{E6F9D674-4828-426A-873F-354BA835C71C}"
EndProject
Project("{8BC9CEB8-8B4A-11D0-8D11-00A0C91BC942}") = "CLang_4", "CLang_4\CLang_4.vcxproj", "{78BB5F68-326F-4441-AFF0-9BADF4E92F9C}"
EndProject
Project("{8BC9CEB8-8B4A-11D0-8D11-00A0C91BC942}") = "Stack_0", "Stack_0\Stack_0.vcxproj", "{311C2D53-9554-4BDB-9AD9-629823598EE8}"
EndProject
Project("{8BC9CEB8-8B4A-11D0-8D11-00A0C91BC942}") = "Queue_0", "Queue_0\Queue_0.vcxproj", "{2C4F1E4C-B0A8-4D07-B594-E60A08428174}"
EndProject
Project("{8BC9CEB8-8B4A-11D0-8D11-00A0C91BC942}") = "Queue_1", "Queue_1\Queue_1.vcxproj", "{A0C77A8F-09BD-497F-8CFA-95D0C0AA4009}"
EndProject
Project("{8BC9CEB8-8B4A-11D0-8D11-00A0C91BC942}") = "Queue_2", "Queue_2\Queue_2.vcxproj", "{EA74DD1D-8B72-4F65-B5C5-22271BB38482}"
EndProject
Project("{8BC9CEB8-8B4A-11D0-8D11-00A0C91BC942}") = "test_0", "test_0\test_0.vcxproj", "{86F15CC6-1F6A-42DD-BB6B-453E9FC19E76}"
EndProject
Project("{8BC9CEB8-8B4A-11D0-8D11-00A0C91BC942}") = "Queue_3", "Queue_3\Queue_3.vcxproj", "{07D7E375-2521-4AD0-A10E-0C9CFF306179}"
EndProject
Project("{8BC9CEB8-8B4A-11D0-8D11-00A0C91BC942}") = "CLang_5", "CLang_5\CLang_5.vcxproj", "{A2C9456F-AD1C-4B57-B0FB-CA0693FB16C0}"
EndProject
Project("{8BC9CEB8-8B4A-11D0-8D11-00A0C91BC942}") = "LinkedList_0", "LinkedList_0\LinkedList_0.vcxproj", "{D39DAF3C-676B-46E7-B82F-41BB1A51031F}"
EndProject
Project("{8BC9CEB8-8B4A-11D0-8D11-00A0C91BC942}") = "LinkedList_1", "LinkedList_1\LinkedList_1.vcxproj", "{0653B75D-07C5-449D-BAA0-B4D37109B887}"
EndProject
Project("{8BC9CEB8-8B4A-11D0-8D11-00A0C91BC942}") = "Stack_1", "Stack_1\Stack_1.vcxproj", "{180B97F6-E890-4646-8698-C8720B09F41A}"
EndProject
Project("{8BC9CEB8-8B4A-11D0-8D11-00A0C91BC942}") = "Game_0", "Game_0\Game_0.vcxproj", "{594A18CD-633E-4C3F-A7F7-527A50186100}"
EndProject
Project("{8BC9CEB8-8B4A-11D0-8D11-00A0C91BC942}") = "Vector_0", "Vector_0\Vector_0.vcxproj", "{6A62F774-B91D-4862-886D-EE0555E8072F}"
EndProject
Project("{8BC9CEB8-8B4A-11D0-8D11-00A0C91BC942}") = "List_0", "List_0\List_0.vcxproj", "{E82F3E5D-15D8-446A-A672-85F8EECF014D}"
EndProject
Project("{8BC9CEB8-8B4A-11D0-8D11-00A0C91BC942}") = "Map_0", "Map_0\Map_0.vcxproj", "{AB1BF38C-EEC8-44A7-9132-FD8663188611}"
EndProject
Project("{2150E333-8FDC-42A3-9474-1A3956D46DE8}") = "Win", "Win", "{814BBECA-6808-4EB5-A75C-6E0CBA6D83CE}"
EndProject
Project("{8BC9CEB8-8B4A-11D0-8D11-00A0C91BC942}") = "Vector0", "Vector01\Vector01.vcxproj", "{01DBE06A-170C-4F0B-A051-2779A54BCE5E}"
EndProject
Project("{8BC9CEB8-8B4A-11D0-8D11-00A0C91BC942}") = "Window_0", "Window_0\Window_0.vcxproj", "{824D1A18-14AE-4F00-8C96-0A35A660FEF6}"
EndProject
Project("{2150E333-8FDC-42A3-9474-1A3956D46DE8}") = "Net", "Net", "{5426EADD-30DA-40AF-9114-183F405CBFF8}"
EndProject
Project("{8BC9CEB8-8B4A-11D0-8D11-00A0C91BC942}") = "Net_Client", "Net_Client\Net_Client.vcxproj", "{C880C221-C3D6-4325-BC6A-73C9364AB4EA}"
EndProject
Project("{8BC9CEB8-8B4A-11D0-8D11-00A0C91BC942}") = "Net_Server", "Net_Server\Net_Server.vcxproj", "{6BC6B93E-4773-40A0-81E3-0D5E8F94690A}"
EndProject
Project("{8BC9CEB8-8B4A-11D0-8D11-00A0C91BC942}") = "Net_Server_Thread", "Net_Server_Thread\Net_Server_Thread.vcxproj", "{1177D1FA-F9E3-4B66-9855-204E13BF9999}"
EndProject
Project("{8BC9CEB8-8B4A-11D0-8D11-00A0C91BC942}") = "Net_Client_Thread", "Net_Client_Thread\Net_Client_Thread.vcxproj", "{47D309B8-2E6B-4159-B7C6-64A28D7F0D03}"
EndProject
Project("{8BC9CEB8-8B4A-11D0-8D11-00A0C91BC942}") = "Net_Server_Select", "Net_Server_Select\Net_Server_Select.vcxproj", "{3FE9C0CD-26CC-4BE1-84B4-FACD43DA0EF6}"
EndProject
Project("{8BC9CEB8-8B4A-11D0-8D11-00A0C91BC942}") = "Net_Client_AsyncSelect1", "Net_Client_AsyncSelect1\Net_Client_AsyncSelect1.vcxproj", "{C6D381FD-FFDC-43D3-991A-795EB0C161BA}"
EndProject
Project("{8BC9CEB8-8B4A-11D0-8D11-00A0C91BC942}") = "Net_Client_AsyncSelect2", "Net_Client_AsyncSelect2\Net_Client_AsyncSelect2.vcxproj", "{4C1C5962-7FF4-4D32-8AB0-1FF85BDBBF8E}"
EndProject
Project("{8BC9CEB8-8B4A-11D0-8D11-00A0C91BC942}") = "Net_Client_AsyncSelect3", "Net_Client_AsyncSelect3\Net_Client_AsyncSelect3.vcxproj", "{8A687980-3708-4CEB-9F8C-EB88E2293BBA}"
EndProject
Project("{8BC9CEB8-8B4A-11D0-8D11-00A0C91BC942}") = "Packet_0", "Packet_0\Packet_0.vcxproj", "{AED3046F-532D-4516-B130-E9374E1A8A61}"
EndProject
Project("{2150E333-8FDC-42A3-9474-1A3956D46DE8}") = "Select", "Select", "{59A003E6-7A65-48D1-9583-0891A19BC7A1}"
EndProject
Project("{2150E333-8FDC-42A3-9474-1A3956D46DE8}") = "Thread_Net", "Thread_Net", "{3B2D42E6-793C-4657-A416-9623B980AC99}"
EndProject
Project("{2150E333-8FDC-42A3-9474-1A3956D46DE8}") = "Packet", "Packet", "{7B13313C-F5A8-41B6-86AE-962E8D1A2D3D}"
EndProject
Project("{8BC9CEB8-8B4A-11D0-8D11-00A0C91BC942}") = "Net_Server_Select_Packet", "Net_Server_Select_Packet\Net_Server_Select_Packet.vcxproj", "{81B1B0AD-4842-402F-954D-DC60910DD295}"
EndProject
Project("{8BC9CEB8-8B4A-11D0-8D11-00A0C91BC942}") = "Net_Client_AsyncSelect_Packet", "Net_Client_AsyncSelect_Packet\Net_Client_AsyncSelect_Packet.vcxproj", "{44801027-CD49-4C33-B331-AB9219462F98}"
EndProject
Project("{2150E333-8FDC-42A3-9474-1A3956D46DE8}") = "Thread", "Thread", "{4F9AD20D-2F03-4A40-9164-8BC27F55DC49}"
EndProject
Project("{8BC9CEB8-8B4A-11D0-8D11-00A0C91BC942}") = "CriticalSection", "CriticalSection\CriticalSection.vcxproj", "{E54D033B-777A-4006-AE00-3992AB6309ED}"
EndProject
Project("{8BC9CEB8-8B4A-11D0-8D11-00A0C91BC942}") = "Thread_Event", "Thread_Event\Thread_Event.vcxproj", "{2F21035B-5ED9-4327-B809-03B083315E76}"
EndProject
Project("{8BC9CEB8-8B4A-11D0-8D11-00A0C91BC942}") = "Semaphore", "Semaphore\Semaphore.vcxproj", "{337DC908-22E8-4801-9309-9CDF166D2992}"
EndProject
Project("{8BC9CEB8-8B4A-11D0-8D11-00A0C91BC942}") = "Window_1", "Window_1\Window_1.vcxproj", "{B8847CB9-19FC-41E7-B3E2-58CC0BA5B87C}"
EndProject
Project("{2150E333-8FDC-42A3-9474-1A3956D46DE8}") = "연습", "연습", "{69E01A83-6D3C-4B2A-8AF4-EDE099D16C2A}"
EndProject
Project("{8BC9CEB8-8B4A-11D0-8D11-00A0C91BC942}") = "1", "1\1.vcxproj", "{A84E6435-54B0-4678-8964-272BCB34FD6C}"
EndProject
Project("{8BC9CEB8-8B4A-11D0-8D11-00A0C91BC942}") = "2", "2\2.vcxproj", "{525604B2-6FE8-45B2-9972-8DC3B2500C03}"
EndProject
Project("{8BC9CEB8-8B4A-11D0-8D11-00A0C91BC942}") = "3", "3\3.vcxproj", "{04A93E67-A31F-4466-855E-D570693E8170}"
EndProject
Project("{8BC9CEB8-8B4A-11D0-8D11-00A0C91BC942}") = "4", "4\4.vcxproj", "{DBA367E7-CF5E-47E9-89BA-52FFBD73E6FC}"
EndProject
Project("{8BC9CEB8-8B4A-11D0-8D11-00A0C91BC942}") = "5", "5\5.vcxproj", "{10D87F93-F47A-48A9-A6FF-2F289A0F1F24}"
EndProject
Project("{8BC9CEB8-8B4A-11D0-8D11-00A0C91BC942}") = "6", "6\6.vcxproj", "{057DA996-1C78-4738-B410-A090868DF530}"
EndProject
Project("{2150E333-8FDC-42A3-9474-1A3956D46DE8}") = "DX", "DX", "{6C425B87-90A0-4FFD-BB1A-A07F2661F108}"
EndProject
Project("{8BC9CEB8-8B4A-11D0-8D11-00A0C91BC942}") = "CreateDevice1", "CreateDevice1\CreateDevice1.vcxproj", "{B15FB693-AAFA-4FC6-8632-AD6CE3B951C6}"
EndProject
Project("{8BC9CEB8-8B4A-11D0-8D11-00A0C91BC942}") = "Window_2", "Window_2\Window_2.vcxproj", "{1FBD8BE4-133A-407F-8747-A34D62DDC6DF}"
EndProject
Project("{8BC9CEB8-8B4A-11D0-8D11-00A0C91BC942}") = "Device2", "Device2\Device2.vcxproj", "{F4E2F06C-4036-4BEC-96D6-736F8FD5C414}"
EndProject
Project("{8BC9CEB8-8B4A-11D0-8D11-00A0C91BC942}") = "CreateTexture", "CreateTexture\CreateTexture.vcxproj", "{3C485481-AAAC-4410-A1EE-F43473E52C0B}"
EndProject
Project("{8BC9CEB8-8B4A-11D0-8D11-00A0C91BC942}") = "CreateTexture_2", "CreateTexture_2\CreateTexture_2.vcxproj", "{BA22E2BA-5643-4B13-8513-AD1013A5D31D}"
EndProject
Project("{2150E333-8FDC-42A3-9474-1A3956D46DE8}") = "Basic", "Basic", "{A2BCD85E-E25B-4E31-9FC9-67933454E789}"
EndProject
Project("{8BC9CEB8-8B4A-11D0-8D11-00A0C91BC942}") = "CreateTexture_3", "CreateTexture_3\CreateTexture_3.vcxproj", "{A650FE72-C311-4D6E-9FE7-8DCCC982B3F7}"
EndProject
Project("{2150E333-8FDC-42A3-9474-1A3956D46DE8}") = "Sprite", "Sprite", "{5E833B56-FB33-435A-B986-C1CACAB5115F}"
EndProject
Project("{8BC9CEB8-8B4A-11D0-8D11-00A0C91BC942}") = "CreateSprite_0", "CreateSprite_0\CreateSprite_0.vcxproj", "{3FDABE8A-596E-4390-8ACE-B05366E10A44}"
EndProject
Project("{8BC9CEB8-8B4A-11D0-8D11-00A0C91BC942}") = "CreateSprite_1", "CreateSprite_1\CreateSprite_1.vcxproj", "{CFA5CCE6-BA46-4210-B020-E441A8C102EB}"
EndProject
Project("{2150E333-8FDC-42A3-9474-1A3956D46DE8}") = "2d게임", "2d게임", "{63FE28FC-E60D-4D46-9C1A-4D2839ED5D37}"
EndProject
Project("{8BC9CEB8-8B4A-11D0-8D11-00A0C91BC942}") = "GameCore", "GameCore\GameCore.vcxproj", "{5FBA5E30-FA2C-479C-8761-C47EC7F8AA71}"
EndProject
Project("{8BC9CEB8-8B4A-11D0-8D11-00A0C91BC942}") = "2D_GameCore", "2D_GameCore\2D_GameCore.vcxproj", "{7C501D53-9C57-41E8-95BC-F58A11621256}"
EndProject
Global
	GlobalSection(SolutionConfigurationPlatforms) = preSolution
		Debug|x64 = Debug|x64
		Debug|x86 = Debug|x86
		Release|x64 = Release|x64
		Release|x86 = Release|x86
	EndGlobalSection
	GlobalSection(ProjectConfigurationPlatforms) = postSolution
		{94CB3E72-E140-4D82-85E6-1983973253B4}.Debug|x64.ActiveCfg = Debug|x64
		{94CB3E72-E140-4D82-85E6-1983973253B4}.Debug|x64.Build.0 = Debug|x64
		{94CB3E72-E140-4D82-85E6-1983973253B4}.Debug|x86.ActiveCfg = Debug|Win32
		{94CB3E72-E140-4D82-85E6-1983973253B4}.Debug|x86.Build.0 = Debug|Win32
		{94CB3E72-E140-4D82-85E6-1983973253B4}.Release|x64.ActiveCfg = Release|x64
		{94CB3E72-E140-4D82-85E6-1983973253B4}.Release|x64.Build.0 = Release|x64
		{94CB3E72-E140-4D82-85E6-1983973253B4}.Release|x86.ActiveCfg = Release|Win32
		{94CB3E72-E140-4D82-85E6-1983973253B4}.Release|x86.Build.0 = Release|Win32
		{FB07C77A-0F41-45CD-994D-B2F8CEAF968D}.Debug|x64.ActiveCfg = Debug|x64
		{FB07C77A-0F41-45CD-994D-B2F8CEAF968D}.Debug|x64.Build.0 = Debug|x64
		{FB07C77A-0F41-45CD-994D-B2F8CEAF968D}.Debug|x86.ActiveCfg = Debug|Win32
		{FB07C77A-0F41-45CD-994D-B2F8CEAF968D}.Debug|x86.Build.0 = Debug|Win32
		{FB07C77A-0F41-45CD-994D-B2F8CEAF968D}.Release|x64.ActiveCfg = Release|x64
		{FB07C77A-0F41-45CD-994D-B2F8CEAF968D}.Release|x64.Build.0 = Release|x64
		{FB07C77A-0F41-45CD-994D-B2F8CEAF968D}.Release|x86.ActiveCfg = Release|Win32
		{FB07C77A-0F41-45CD-994D-B2F8CEAF968D}.Release|x86.Build.0 = Release|Win32
		{AADDE72C-2933-4C05-8086-51870FC362A7}.Debug|x64.ActiveCfg = Debug|x64
		{AADDE72C-2933-4C05-8086-51870FC362A7}.Debug|x64.Build.0 = Debug|x64
		{AADDE72C-2933-4C05-8086-51870FC362A7}.Debug|x86.ActiveCfg = Debug|Win32
		{AADDE72C-2933-4C05-8086-51870FC362A7}.Debug|x86.Build.0 = Debug|Win32
		{AADDE72C-2933-4C05-8086-51870FC362A7}.Release|x64.ActiveCfg = Release|x64
		{AADDE72C-2933-4C05-8086-51870FC362A7}.Release|x64.Build.0 = Release|x64
		{AADDE72C-2933-4C05-8086-51870FC362A7}.Release|x86.ActiveCfg = Release|Win32
		{AADDE72C-2933-4C05-8086-51870FC362A7}.Release|x86.Build.0 = Release|Win32
		{FD24B9AC-76DB-41EC-9AFA-5540E908A5CE}.Debug|x64.ActiveCfg = Debug|x64
		{FD24B9AC-76DB-41EC-9AFA-5540E908A5CE}.Debug|x64.Build.0 = Debug|x64
		{FD24B9AC-76DB-41EC-9AFA-5540E908A5CE}.Debug|x86.ActiveCfg = Debug|Win32
		{FD24B9AC-76DB-41EC-9AFA-5540E908A5CE}.Debug|x86.Build.0 = Debug|Win32
		{FD24B9AC-76DB-41EC-9AFA-5540E908A5CE}.Release|x64.ActiveCfg = Release|x64
		{FD24B9AC-76DB-41EC-9AFA-5540E908A5CE}.Release|x64.Build.0 = Release|x64
		{FD24B9AC-76DB-41EC-9AFA-5540E908A5CE}.Release|x86.ActiveCfg = Release|Win32
		{FD24B9AC-76DB-41EC-9AFA-5540E908A5CE}.Release|x86.Build.0 = Release|Win32
		{E6F9D674-4828-426A-873F-354BA835C71C}.Debug|x64.ActiveCfg = Debug|x64
		{E6F9D674-4828-426A-873F-354BA835C71C}.Debug|x64.Build.0 = Debug|x64
		{E6F9D674-4828-426A-873F-354BA835C71C}.Debug|x86.ActiveCfg = Debug|Win32
		{E6F9D674-4828-426A-873F-354BA835C71C}.Debug|x86.Build.0 = Debug|Win32
		{E6F9D674-4828-426A-873F-354BA835C71C}.Release|x64.ActiveCfg = Release|x64
		{E6F9D674-4828-426A-873F-354BA835C71C}.Release|x64.Build.0 = Release|x64
		{E6F9D674-4828-426A-873F-354BA835C71C}.Release|x86.ActiveCfg = Release|Win32
		{E6F9D674-4828-426A-873F-354BA835C71C}.Release|x86.Build.0 = Release|Win32
		{78BB5F68-326F-4441-AFF0-9BADF4E92F9C}.Debug|x64.ActiveCfg = Debug|x64
		{78BB5F68-326F-4441-AFF0-9BADF4E92F9C}.Debug|x64.Build.0 = Debug|x64
		{78BB5F68-326F-4441-AFF0-9BADF4E92F9C}.Debug|x86.ActiveCfg = Debug|Win32
		{78BB5F68-326F-4441-AFF0-9BADF4E92F9C}.Debug|x86.Build.0 = Debug|Win32
		{78BB5F68-326F-4441-AFF0-9BADF4E92F9C}.Release|x64.ActiveCfg = Release|x64
		{78BB5F68-326F-4441-AFF0-9BADF4E92F9C}.Release|x64.Build.0 = Release|x64
		{78BB5F68-326F-4441-AFF0-9BADF4E92F9C}.Release|x86.ActiveCfg = Release|Win32
		{78BB5F68-326F-4441-AFF0-9BADF4E92F9C}.Release|x86.Build.0 = Release|Win32
		{311C2D53-9554-4BDB-9AD9-629823598EE8}.Debug|x64.ActiveCfg = Debug|x64
		{311C2D53-9554-4BDB-9AD9-629823598EE8}.Debug|x64.Build.0 = Debug|x64
		{311C2D53-9554-4BDB-9AD9-629823598EE8}.Debug|x86.ActiveCfg = Debug|Win32
		{311C2D53-9554-4BDB-9AD9-629823598EE8}.Debug|x86.Build.0 = Debug|Win32
		{311C2D53-9554-4BDB-9AD9-629823598EE8}.Release|x64.ActiveCfg = Release|x64
		{311C2D53-9554-4BDB-9AD9-629823598EE8}.Release|x64.Build.0 = Release|x64
		{311C2D53-9554-4BDB-9AD9-629823598EE8}.Release|x86.ActiveCfg = Release|Win32
		{311C2D53-9554-4BDB-9AD9-629823598EE8}.Release|x86.Build.0 = Release|Win32
		{2C4F1E4C-B0A8-4D07-B594-E60A08428174}.Debug|x64.ActiveCfg = Debug|x64
		{2C4F1E4C-B0A8-4D07-B594-E60A08428174}.Debug|x64.Build.0 = Debug|x64
		{2C4F1E4C-B0A8-4D07-B594-E60A08428174}.Debug|x86.ActiveCfg = Debug|Win32
		{2C4F1E4C-B0A8-4D07-B594-E60A08428174}.Debug|x86.Build.0 = Debug|Win32
		{2C4F1E4C-B0A8-4D07-B594-E60A08428174}.Release|x64.ActiveCfg = Release|x64
		{2C4F1E4C-B0A8-4D07-B594-E60A08428174}.Release|x64.Build.0 = Release|x64
		{2C4F1E4C-B0A8-4D07-B594-E60A08428174}.Release|x86.ActiveCfg = Release|Win32
		{2C4F1E4C-B0A8-4D07-B594-E60A08428174}.Release|x86.Build.0 = Release|Win32
		{A0C77A8F-09BD-497F-8CFA-95D0C0AA4009}.Debug|x64.ActiveCfg = Debug|x64
		{A0C77A8F-09BD-497F-8CFA-95D0C0AA4009}.Debug|x64.Build.0 = Debug|x64
		{A0C77A8F-09BD-497F-8CFA-95D0C0AA4009}.Debug|x86.ActiveCfg = Debug|Win32
		{A0C77A8F-09BD-497F-8CFA-95D0C0AA4009}.Debug|x86.Build.0 = Debug|Win32
		{A0C77A8F-09BD-497F-8CFA-95D0C0AA4009}.Release|x64.ActiveCfg = Release|x64
		{A0C77A8F-09BD-497F-8CFA-95D0C0AA4009}.Release|x64.Build.0 = Release|x64
		{A0C77A8F-09BD-497F-8CFA-95D0C0AA4009}.Release|x86.ActiveCfg = Release|Win32
		{A0C77A8F-09BD-497F-8CFA-95D0C0AA4009}.Release|x86.Build.0 = Release|Win32
		{EA74DD1D-8B72-4F65-B5C5-22271BB38482}.Debug|x64.ActiveCfg = Debug|x64
		{EA74DD1D-8B72-4F65-B5C5-22271BB38482}.Debug|x64.Build.0 = Debug|x64
		{EA74DD1D-8B72-4F65-B5C5-22271BB38482}.Debug|x86.ActiveCfg = Debug|Win32
		{EA74DD1D-8B72-4F65-B5C5-22271BB38482}.Debug|x86.Build.0 = Debug|Win32
		{EA74DD1D-8B72-4F65-B5C5-22271BB38482}.Release|x64.ActiveCfg = Release|x64
		{EA74DD1D-8B72-4F65-B5C5-22271BB38482}.Release|x64.Build.0 = Release|x64
		{EA74DD1D-8B72-4F65-B5C5-22271BB38482}.Release|x86.ActiveCfg = Release|Win32
		{EA74DD1D-8B72-4F65-B5C5-22271BB38482}.Release|x86.Build.0 = Release|Win32
		{86F15CC6-1F6A-42DD-BB6B-453E9FC19E76}.Debug|x64.ActiveCfg = Debug|x64
		{86F15CC6-1F6A-42DD-BB6B-453E9FC19E76}.Debug|x64.Build.0 = Debug|x64
		{86F15CC6-1F6A-42DD-BB6B-453E9FC19E76}.Debug|x86.ActiveCfg = Debug|Win32
		{86F15CC6-1F6A-42DD-BB6B-453E9FC19E76}.Debug|x86.Build.0 = Debug|Win32
		{86F15CC6-1F6A-42DD-BB6B-453E9FC19E76}.Release|x64.ActiveCfg = Release|x64
		{86F15CC6-1F6A-42DD-BB6B-453E9FC19E76}.Release|x64.Build.0 = Release|x64
		{86F15CC6-1F6A-42DD-BB6B-453E9FC19E76}.Release|x86.ActiveCfg = Release|Win32
		{86F15CC6-1F6A-42DD-BB6B-453E9FC19E76}.Release|x86.Build.0 = Release|Win32
		{07D7E375-2521-4AD0-A10E-0C9CFF306179}.Debug|x64.ActiveCfg = Debug|x64
		{07D7E375-2521-4AD0-A10E-0C9CFF306179}.Debug|x64.Build.0 = Debug|x64
		{07D7E375-2521-4AD0-A10E-0C9CFF306179}.Debug|x86.ActiveCfg = Debug|Win32
		{07D7E375-2521-4AD0-A10E-0C9CFF306179}.Debug|x86.Build.0 = Debug|Win32
		{07D7E375-2521-4AD0-A10E-0C9CFF306179}.Release|x64.ActiveCfg = Release|x64
		{07D7E375-2521-4AD0-A10E-0C9CFF306179}.Release|x64.Build.0 = Release|x64
		{07D7E375-2521-4AD0-A10E-0C9CFF306179}.Release|x86.ActiveCfg = Release|Win32
		{07D7E375-2521-4AD0-A10E-0C9CFF306179}.Release|x86.Build.0 = Release|Win32
		{A2C9456F-AD1C-4B57-B0FB-CA0693FB16C0}.Debug|x64.ActiveCfg = Debug|x64
		{A2C9456F-AD1C-4B57-B0FB-CA0693FB16C0}.Debug|x64.Build.0 = Debug|x64
		{A2C9456F-AD1C-4B57-B0FB-CA0693FB16C0}.Debug|x86.ActiveCfg = Debug|Win32
		{A2C9456F-AD1C-4B57-B0FB-CA0693FB16C0}.Debug|x86.Build.0 = Debug|Win32
		{A2C9456F-AD1C-4B57-B0FB-CA0693FB16C0}.Release|x64.ActiveCfg = Release|x64
		{A2C9456F-AD1C-4B57-B0FB-CA0693FB16C0}.Release|x64.Build.0 = Release|x64
		{A2C9456F-AD1C-4B57-B0FB-CA0693FB16C0}.Release|x86.ActiveCfg = Release|Win32
		{A2C9456F-AD1C-4B57-B0FB-CA0693FB16C0}.Release|x86.Build.0 = Release|Win32
		{D39DAF3C-676B-46E7-B82F-41BB1A51031F}.Debug|x64.ActiveCfg = Debug|x64
		{D39DAF3C-676B-46E7-B82F-41BB1A51031F}.Debug|x64.Build.0 = Debug|x64
		{D39DAF3C-676B-46E7-B82F-41BB1A51031F}.Debug|x86.ActiveCfg = Debug|Win32
		{D39DAF3C-676B-46E7-B82F-41BB1A51031F}.Debug|x86.Build.0 = Debug|Win32
		{D39DAF3C-676B-46E7-B82F-41BB1A51031F}.Release|x64.ActiveCfg = Release|x64
		{D39DAF3C-676B-46E7-B82F-41BB1A51031F}.Release|x64.Build.0 = Release|x64
		{D39DAF3C-676B-46E7-B82F-41BB1A51031F}.Release|x86.ActiveCfg = Release|Win32
		{D39DAF3C-676B-46E7-B82F-41BB1A51031F}.Release|x86.Build.0 = Release|Win32
		{0653B75D-07C5-449D-BAA0-B4D37109B887}.Debug|x64.ActiveCfg = Debug|x64
		{0653B75D-07C5-449D-BAA0-B4D37109B887}.Debug|x64.Build.0 = Debug|x64
		{0653B75D-07C5-449D-BAA0-B4D37109B887}.Debug|x86.ActiveCfg = Debug|Win32
		{0653B75D-07C5-449D-BAA0-B4D37109B887}.Debug|x86.Build.0 = Debug|Win32
		{0653B75D-07C5-449D-BAA0-B4D37109B887}.Release|x64.ActiveCfg = Release|x64
		{0653B75D-07C5-449D-BAA0-B4D37109B887}.Release|x64.Build.0 = Release|x64
		{0653B75D-07C5-449D-BAA0-B4D37109B887}.Release|x86.ActiveCfg = Release|Win32
		{0653B75D-07C5-449D-BAA0-B4D37109B887}.Release|x86.Build.0 = Release|Win32
		{180B97F6-E890-4646-8698-C8720B09F41A}.Debug|x64.ActiveCfg = Debug|x64
		{180B97F6-E890-4646-8698-C8720B09F41A}.Debug|x64.Build.0 = Debug|x64
		{180B97F6-E890-4646-8698-C8720B09F41A}.Debug|x86.ActiveCfg = Debug|Win32
		{180B97F6-E890-4646-8698-C8720B09F41A}.Debug|x86.Build.0 = Debug|Win32
		{180B97F6-E890-4646-8698-C8720B09F41A}.Release|x64.ActiveCfg = Release|x64
		{180B97F6-E890-4646-8698-C8720B09F41A}.Release|x64.Build.0 = Release|x64
		{180B97F6-E890-4646-8698-C8720B09F41A}.Release|x86.ActiveCfg = Release|Win32
		{180B97F6-E890-4646-8698-C8720B09F41A}.Release|x86.Build.0 = Release|Win32
		{594A18CD-633E-4C3F-A7F7-527A50186100}.Debug|x64.ActiveCfg = Debug|x64
		{594A18CD-633E-4C3F-A7F7-527A50186100}.Debug|x64.Build.0 = Debug|x64
		{594A18CD-633E-4C3F-A7F7-527A50186100}.Debug|x86.ActiveCfg = Debug|Win32
		{594A18CD-633E-4C3F-A7F7-527A50186100}.Debug|x86.Build.0 = Debug|Win32
		{594A18CD-633E-4C3F-A7F7-527A50186100}.Release|x64.ActiveCfg = Release|x64
		{594A18CD-633E-4C3F-A7F7-527A50186100}.Release|x64.Build.0 = Release|x64
		{594A18CD-633E-4C3F-A7F7-527A50186100}.Release|x86.ActiveCfg = Release|Win32
		{594A18CD-633E-4C3F-A7F7-527A50186100}.Release|x86.Build.0 = Release|Win32
		{6A62F774-B91D-4862-886D-EE0555E8072F}.Debug|x64.ActiveCfg = Debug|x64
		{6A62F774-B91D-4862-886D-EE0555E8072F}.Debug|x64.Build.0 = Debug|x64
		{6A62F774-B91D-4862-886D-EE0555E8072F}.Debug|x86.ActiveCfg = Debug|Win32
		{6A62F774-B91D-4862-886D-EE0555E8072F}.Debug|x86.Build.0 = Debug|Win32
		{6A62F774-B91D-4862-886D-EE0555E8072F}.Release|x64.ActiveCfg = Release|x64
		{6A62F774-B91D-4862-886D-EE0555E8072F}.Release|x64.Build.0 = Release|x64
		{6A62F774-B91D-4862-886D-EE0555E8072F}.Release|x86.ActiveCfg = Release|Win32
		{6A62F774-B91D-4862-886D-EE0555E8072F}.Release|x86.Build.0 = Release|Win32
		{E82F3E5D-15D8-446A-A672-85F8EECF014D}.Debug|x64.ActiveCfg = Debug|x64
		{E82F3E5D-15D8-446A-A672-85F8EECF014D}.Debug|x64.Build.0 = Debug|x64
		{E82F3E5D-15D8-446A-A672-85F8EECF014D}.Debug|x86.ActiveCfg = Debug|Win32
		{E82F3E5D-15D8-446A-A672-85F8EECF014D}.Debug|x86.Build.0 = Debug|Win32
		{E82F3E5D-15D8-446A-A672-85F8EECF014D}.Release|x64.ActiveCfg = Release|x64
		{E82F3E5D-15D8-446A-A672-85F8EECF014D}.Release|x64.Build.0 = Release|x64
		{E82F3E5D-15D8-446A-A672-85F8EECF014D}.Release|x86.ActiveCfg = Release|Win32
		{E82F3E5D-15D8-446A-A672-85F8EECF014D}.Release|x86.Build.0 = Release|Win32
		{AB1BF38C-EEC8-44A7-9132-FD8663188611}.Debug|x64.ActiveCfg = Debug|x64
		{AB1BF38C-EEC8-44A7-9132-FD8663188611}.Debug|x64.Build.0 = Debug|x64
		{AB1BF38C-EEC8-44A7-9132-FD8663188611}.Debug|x86.ActiveCfg = Debug|Win32
		{AB1BF38C-EEC8-44A7-9132-FD8663188611}.Debug|x86.Build.0 = Debug|Win32
		{AB1BF38C-EEC8-44A7-9132-FD8663188611}.Release|x64.ActiveCfg = Release|x64
		{AB1BF38C-EEC8-44A7-9132-FD8663188611}.Release|x64.Build.0 = Release|x64
		{AB1BF38C-EEC8-44A7-9132-FD8663188611}.Release|x86.ActiveCfg = Release|Win32
		{AB1BF38C-EEC8-44A7-9132-FD8663188611}.Release|x86.Build.0 = Release|Win32
		{01DBE06A-170C-4F0B-A051-2779A54BCE5E}.Debug|x64.ActiveCfg = Debug|x64
		{01DBE06A-170C-4F0B-A051-2779A54BCE5E}.Debug|x64.Build.0 = Debug|x64
		{01DBE06A-170C-4F0B-A051-2779A54BCE5E}.Debug|x86.ActiveCfg = Debug|Win32
		{01DBE06A-170C-4F0B-A051-2779A54BCE5E}.Debug|x86.Build.0 = Debug|Win32
		{01DBE06A-170C-4F0B-A051-2779A54BCE5E}.Release|x64.ActiveCfg = Release|x64
		{01DBE06A-170C-4F0B-A051-2779A54BCE5E}.Release|x64.Build.0 = Release|x64
		{01DBE06A-170C-4F0B-A051-2779A54BCE5E}.Release|x86.ActiveCfg = Release|Win32
		{01DBE06A-170C-4F0B-A051-2779A54BCE5E}.Release|x86.Build.0 = Release|Win32
		{824D1A18-14AE-4F00-8C96-0A35A660FEF6}.Debug|x64.ActiveCfg = Debug|x64
		{824D1A18-14AE-4F00-8C96-0A35A660FEF6}.Debug|x64.Build.0 = Debug|x64
		{824D1A18-14AE-4F00-8C96-0A35A660FEF6}.Debug|x86.ActiveCfg = Debug|Win32
		{824D1A18-14AE-4F00-8C96-0A35A660FEF6}.Debug|x86.Build.0 = Debug|Win32
		{824D1A18-14AE-4F00-8C96-0A35A660FEF6}.Release|x64.ActiveCfg = Release|x64
		{824D1A18-14AE-4F00-8C96-0A35A660FEF6}.Release|x64.Build.0 = Release|x64
		{824D1A18-14AE-4F00-8C96-0A35A660FEF6}.Release|x86.ActiveCfg = Release|Win32
		{824D1A18-14AE-4F00-8C96-0A35A660FEF6}.Release|x86.Build.0 = Release|Win32
		{C880C221-C3D6-4325-BC6A-73C9364AB4EA}.Debug|x64.ActiveCfg = Debug|x64
		{C880C221-C3D6-4325-BC6A-73C9364AB4EA}.Debug|x64.Build.0 = Debug|x64
		{C880C221-C3D6-4325-BC6A-73C9364AB4EA}.Debug|x86.ActiveCfg = Debug|Win32
		{C880C221-C3D6-4325-BC6A-73C9364AB4EA}.Debug|x86.Build.0 = Debug|Win32
		{C880C221-C3D6-4325-BC6A-73C9364AB4EA}.Release|x64.ActiveCfg = Release|x64
		{C880C221-C3D6-4325-BC6A-73C9364AB4EA}.Release|x64.Build.0 = Release|x64
		{C880C221-C3D6-4325-BC6A-73C9364AB4EA}.Release|x86.ActiveCfg = Release|Win32
		{C880C221-C3D6-4325-BC6A-73C9364AB4EA}.Release|x86.Build.0 = Release|Win32
		{6BC6B93E-4773-40A0-81E3-0D5E8F94690A}.Debug|x64.ActiveCfg = Debug|x64
		{6BC6B93E-4773-40A0-81E3-0D5E8F94690A}.Debug|x64.Build.0 = Debug|x64
		{6BC6B93E-4773-40A0-81E3-0D5E8F94690A}.Debug|x86.ActiveCfg = Debug|Win32
		{6BC6B93E-4773-40A0-81E3-0D5E8F94690A}.Debug|x86.Build.0 = Debug|Win32
		{6BC6B93E-4773-40A0-81E3-0D5E8F94690A}.Release|x64.ActiveCfg = Release|x64
		{6BC6B93E-4773-40A0-81E3-0D5E8F94690A}.Release|x64.Build.0 = Release|x64
		{6BC6B93E-4773-40A0-81E3-0D5E8F94690A}.Release|x86.ActiveCfg = Release|Win32
		{6BC6B93E-4773-40A0-81E3-0D5E8F94690A}.Release|x86.Build.0 = Release|Win32
		{1177D1FA-F9E3-4B66-9855-204E13BF9999}.Debug|x64.ActiveCfg = Debug|x64
		{1177D1FA-F9E3-4B66-9855-204E13BF9999}.Debug|x64.Build.0 = Debug|x64
		{1177D1FA-F9E3-4B66-9855-204E13BF9999}.Debug|x86.ActiveCfg = Debug|Win32
		{1177D1FA-F9E3-4B66-9855-204E13BF9999}.Debug|x86.Build.0 = Debug|Win32
		{1177D1FA-F9E3-4B66-9855-204E13BF9999}.Release|x64.ActiveCfg = Release|x64
		{1177D1FA-F9E3-4B66-9855-204E13BF9999}.Release|x64.Build.0 = Release|x64
		{1177D1FA-F9E3-4B66-9855-204E13BF9999}.Release|x86.ActiveCfg = Release|Win32
		{1177D1FA-F9E3-4B66-9855-204E13BF9999}.Release|x86.Build.0 = Release|Win32
		{47D309B8-2E6B-4159-B7C6-64A28D7F0D03}.Debug|x64.ActiveCfg = Debug|x64
		{47D309B8-2E6B-4159-B7C6-64A28D7F0D03}.Debug|x64.Build.0 = Debug|x64
		{47D309B8-2E6B-4159-B7C6-64A28D7F0D03}.Debug|x86.ActiveCfg = Debug|Win32
		{47D309B8-2E6B-4159-B7C6-64A28D7F0D03}.Debug|x86.Build.0 = Debug|Win32
		{47D309B8-2E6B-4159-B7C6-64A28D7F0D03}.Release|x64.ActiveCfg = Release|x64
		{47D309B8-2E6B-4159-B7C6-64A28D7F0D03}.Release|x64.Build.0 = Release|x64
		{47D309B8-2E6B-4159-B7C6-64A28D7F0D03}.Release|x86.ActiveCfg = Release|Win32
		{47D309B8-2E6B-4159-B7C6-64A28D7F0D03}.Release|x86.Build.0 = Release|Win32
		{3FE9C0CD-26CC-4BE1-84B4-FACD43DA0EF6}.Debug|x64.ActiveCfg = Debug|x64
		{3FE9C0CD-26CC-4BE1-84B4-FACD43DA0EF6}.Debug|x64.Build.0 = Debug|x64
		{3FE9C0CD-26CC-4BE1-84B4-FACD43DA0EF6}.Debug|x86.ActiveCfg = Debug|Win32
		{3FE9C0CD-26CC-4BE1-84B4-FACD43DA0EF6}.Debug|x86.Build.0 = Debug|Win32
		{3FE9C0CD-26CC-4BE1-84B4-FACD43DA0EF6}.Release|x64.ActiveCfg = Release|x64
		{3FE9C0CD-26CC-4BE1-84B4-FACD43DA0EF6}.Release|x64.Build.0 = Release|x64
		{3FE9C0CD-26CC-4BE1-84B4-FACD43DA0EF6}.Release|x86.ActiveCfg = Release|Win32
		{3FE9C0CD-26CC-4BE1-84B4-FACD43DA0EF6}.Release|x86.Build.0 = Release|Win32
		{C6D381FD-FFDC-43D3-991A-795EB0C161BA}.Debug|x64.ActiveCfg = Debug|x64
		{C6D381FD-FFDC-43D3-991A-795EB0C161BA}.Debug|x64.Build.0 = Debug|x64
		{C6D381FD-FFDC-43D3-991A-795EB0C161BA}.Debug|x86.ActiveCfg = Debug|Win32
		{C6D381FD-FFDC-43D3-991A-795EB0C161BA}.Debug|x86.Build.0 = Debug|Win32
		{C6D381FD-FFDC-43D3-991A-795EB0C161BA}.Release|x64.ActiveCfg = Release|x64
		{C6D381FD-FFDC-43D3-991A-795EB0C161BA}.Release|x64.Build.0 = Release|x64
		{C6D381FD-FFDC-43D3-991A-795EB0C161BA}.Release|x86.ActiveCfg = Release|Win32
		{C6D381FD-FFDC-43D3-991A-795EB0C161BA}.Release|x86.Build.0 = Release|Win32
		{4C1C5962-7FF4-4D32-8AB0-1FF85BDBBF8E}.Debug|x64.ActiveCfg = Debug|x64
		{4C1C5962-7FF4-4D32-8AB0-1FF85BDBBF8E}.Debug|x64.Build.0 = Debug|x64
		{4C1C5962-7FF4-4D32-8AB0-1FF85BDBBF8E}.Debug|x86.ActiveCfg = Debug|Win32
		{4C1C5962-7FF4-4D32-8AB0-1FF85BDBBF8E}.Debug|x86.Build.0 = Debug|Win32
		{4C1C5962-7FF4-4D32-8AB0-1FF85BDBBF8E}.Release|x64.ActiveCfg = Release|x64
		{4C1C5962-7FF4-4D32-8AB0-1FF85BDBBF8E}.Release|x64.Build.0 = Release|x64
		{4C1C5962-7FF4-4D32-8AB0-1FF85BDBBF8E}.Release|x86.ActiveCfg = Release|Win32
		{4C1C5962-7FF4-4D32-8AB0-1FF85BDBBF8E}.Release|x86.Build.0 = Release|Win32
		{8A687980-3708-4CEB-9F8C-EB88E2293BBA}.Debug|x64.ActiveCfg = Debug|x64
		{8A687980-3708-4CEB-9F8C-EB88E2293BBA}.Debug|x64.Build.0 = Debug|x64
		{8A687980-3708-4CEB-9F8C-EB88E2293BBA}.Debug|x86.ActiveCfg = Debug|Win32
		{8A687980-3708-4CEB-9F8C-EB88E2293BBA}.Debug|x86.Build.0 = Debug|Win32
		{8A687980-3708-4CEB-9F8C-EB88E2293BBA}.Release|x64.ActiveCfg = Release|x64
		{8A687980-3708-4CEB-9F8C-EB88E2293BBA}.Release|x64.Build.0 = Release|x64
		{8A687980-3708-4CEB-9F8C-EB88E2293BBA}.Release|x86.ActiveCfg = Release|Win32
		{8A687980-3708-4CEB-9F8C-EB88E2293BBA}.Release|x86.Build.0 = Release|Win32
		{AED3046F-532D-4516-B130-E9374E1A8A61}.Debug|x64.ActiveCfg = Debug|x64
		{AED3046F-532D-4516-B130-E9374E1A8A61}.Debug|x64.Build.0 = Debug|x64
		{AED3046F-532D-4516-B130-E9374E1A8A61}.Debug|x86.ActiveCfg = Debug|Win32
		{AED3046F-532D-4516-B130-E9374E1A8A61}.Debug|x86.Build.0 = Debug|Win32
		{AED3046F-532D-4516-B130-E9374E1A8A61}.Release|x64.ActiveCfg = Release|x64
		{AED3046F-532D-4516-B130-E9374E1A8A61}.Release|x64.Build.0 = Release|x64
		{AED3046F-532D-4516-B130-E9374E1A8A61}.Release|x86.ActiveCfg = Release|Win32
		{AED3046F-532D-4516-B130-E9374E1A8A61}.Release|x86.Build.0 = Release|Win32
		{81B1B0AD-4842-402F-954D-DC60910DD295}.Debug|x64.ActiveCfg = Debug|x64
		{81B1B0AD-4842-402F-954D-DC60910DD295}.Debug|x64.Build.0 = Debug|x64
		{81B1B0AD-4842-402F-954D-DC60910DD295}.Debug|x86.ActiveCfg = Debug|Win32
		{81B1B0AD-4842-402F-954D-DC60910DD295}.Debug|x86.Build.0 = Debug|Win32
		{81B1B0AD-4842-402F-954D-DC60910DD295}.Release|x64.ActiveCfg = Release|x64
		{81B1B0AD-4842-402F-954D-DC60910DD295}.Release|x64.Build.0 = Release|x64
		{81B1B0AD-4842-402F-954D-DC60910DD295}.Release|x86.ActiveCfg = Release|Win32
		{81B1B0AD-4842-402F-954D-DC60910DD295}.Release|x86.Build.0 = Release|Win32
		{44801027-CD49-4C33-B331-AB9219462F98}.Debug|x64.ActiveCfg = Debug|x64
		{44801027-CD49-4C33-B331-AB9219462F98}.Debug|x64.Build.0 = Debug|x64
		{44801027-CD49-4C33-B331-AB9219462F98}.Debug|x86.ActiveCfg = Debug|Win32
		{44801027-CD49-4C33-B331-AB9219462F98}.Debug|x86.Build.0 = Debug|Win32
		{44801027-CD49-4C33-B331-AB9219462F98}.Release|x64.ActiveCfg = Release|x64
		{44801027-CD49-4C33-B331-AB9219462F98}.Release|x64.Build.0 = Release|x64
		{44801027-CD49-4C33-B331-AB9219462F98}.Release|x86.ActiveCfg = Release|Win32
		{44801027-CD49-4C33-B331-AB9219462F98}.Release|x86.Build.0 = Release|Win32
		{E54D033B-777A-4006-AE00-3992AB6309ED}.Debug|x64.ActiveCfg = Debug|x64
		{E54D033B-777A-4006-AE00-3992AB6309ED}.Debug|x64.Build.0 = Debug|x64
		{E54D033B-777A-4006-AE00-3992AB6309ED}.Debug|x86.ActiveCfg = Debug|Win32
		{E54D033B-777A-4006-AE00-3992AB6309ED}.Debug|x86.Build.0 = Debug|Win32
		{E54D033B-777A-4006-AE00-3992AB6309ED}.Release|x64.ActiveCfg = Release|x64
		{E54D033B-777A-4006-AE00-3992AB6309ED}.Release|x64.Build.0 = Release|x64
		{E54D033B-777A-4006-AE00-3992AB6309ED}.Release|x86.ActiveCfg = Release|Win32
		{E54D033B-777A-4006-AE00-3992AB6309ED}.Release|x86.Build.0 = Release|Win32
		{2F21035B-5ED9-4327-B809-03B083315E76}.Debug|x64.ActiveCfg = Debug|x64
		{2F21035B-5ED9-4327-B809-03B083315E76}.Debug|x64.Build.0 = Debug|x64
		{2F21035B-5ED9-4327-B809-03B083315E76}.Debug|x86.ActiveCfg = Debug|Win32
		{2F21035B-5ED9-4327-B809-03B083315E76}.Debug|x86.Build.0 = Debug|Win32
		{2F21035B-5ED9-4327-B809-03B083315E76}.Release|x64.ActiveCfg = Release|x64
		{2F21035B-5ED9-4327-B809-03B083315E76}.Release|x64.Build.0 = Release|x64
		{2F21035B-5ED9-4327-B809-03B083315E76}.Release|x86.ActiveCfg = Release|Win32
		{2F21035B-5ED9-4327-B809-03B083315E76}.Release|x86.Build.0 = Release|Win32
		{337DC908-22E8-4801-9309-9CDF166D2992}.Debug|x64.ActiveCfg = Debug|x64
		{337DC908-22E8-4801-9309-9CDF166D2992}.Debug|x64.Build.0 = Debug|x64
		{337DC908-22E8-4801-9309-9CDF166D2992}.Debug|x86.ActiveCfg = Debug|Win32
		{337DC908-22E8-4801-9309-9CDF166D2992}.Debug|x86.Build.0 = Debug|Win32
		{337DC908-22E8-4801-9309-9CDF166D2992}.Release|x64.ActiveCfg = Release|x64
		{337DC908-22E8-4801-9309-9CDF166D2992}.Release|x64.Build.0 = Release|x64
		{337DC908-22E8-4801-9309-9CDF166D2992}.Release|x86.ActiveCfg = Release|Win32
		{337DC908-22E8-4801-9309-9CDF166D2992}.Release|x86.Build.0 = Release|Win32
		{B8847CB9-19FC-41E7-B3E2-58CC0BA5B87C}.Debug|x64.ActiveCfg = Debug|x64
		{B8847CB9-19FC-41E7-B3E2-58CC0BA5B87C}.Debug|x64.Build.0 = Debug|x64
		{B8847CB9-19FC-41E7-B3E2-58CC0BA5B87C}.Debug|x86.ActiveCfg = Debug|Win32
		{B8847CB9-19FC-41E7-B3E2-58CC0BA5B87C}.Debug|x86.Build.0 = Debug|Win32
		{B8847CB9-19FC-41E7-B3E2-58CC0BA5B87C}.Release|x64.ActiveCfg = Release|x64
		{B8847CB9-19FC-41E7-B3E2-58CC0BA5B87C}.Release|x64.Build.0 = Release|x64
		{B8847CB9-19FC-41E7-B3E2-58CC0BA5B87C}.Release|x86.ActiveCfg = Release|Win32
		{B8847CB9-19FC-41E7-B3E2-58CC0BA5B87C}.Release|x86.Build.0 = Release|Win32
		{A84E6435-54B0-4678-8964-272BCB34FD6C}.Debug|x64.ActiveCfg = Debug|x64
		{A84E6435-54B0-4678-8964-272BCB34FD6C}.Debug|x64.Build.0 = Debug|x64
		{A84E6435-54B0-4678-8964-272BCB34FD6C}.Debug|x86.ActiveCfg = Debug|Win32
		{A84E6435-54B0-4678-8964-272BCB34FD6C}.Debug|x86.Build.0 = Debug|Win32
		{A84E6435-54B0-4678-8964-272BCB34FD6C}.Release|x64.ActiveCfg = Release|x64
		{A84E6435-54B0-4678-8964-272BCB34FD6C}.Release|x64.Build.0 = Release|x64
		{A84E6435-54B0-4678-8964-272BCB34FD6C}.Release|x86.ActiveCfg = Release|Win32
		{A84E6435-54B0-4678-8964-272BCB34FD6C}.Release|x86.Build.0 = Release|Win32
		{525604B2-6FE8-45B2-9972-8DC3B2500C03}.Debug|x64.ActiveCfg = Debug|x64
		{525604B2-6FE8-45B2-9972-8DC3B2500C03}.Debug|x64.Build.0 = Debug|x64
		{525604B2-6FE8-45B2-9972-8DC3B2500C03}.Debug|x86.ActiveCfg = Debug|Win32
		{525604B2-6FE8-45B2-9972-8DC3B2500C03}.Debug|x86.Build.0 = Debug|Win32
		{525604B2-6FE8-45B2-9972-8DC3B2500C03}.Release|x64.ActiveCfg = Release|x64
		{525604B2-6FE8-45B2-9972-8DC3B2500C03}.Release|x64.Build.0 = Release|x64
		{525604B2-6FE8-45B2-9972-8DC3B2500C03}.Release|x86.ActiveCfg = Release|Win32
		{525604B2-6FE8-45B2-9972-8DC3B2500C03}.Release|x86.Build.0 = Release|Win32
		{04A93E67-A31F-4466-855E-D570693E8170}.Debug|x64.ActiveCfg = Debug|x64
		{04A93E67-A31F-4466-855E-D570693E8170}.Debug|x64.Build.0 = Debug|x64
		{04A93E67-A31F-4466-855E-D570693E8170}.Debug|x86.ActiveCfg = Debug|Win32
		{04A93E67-A31F-4466-855E-D570693E8170}.Debug|x86.Build.0 = Debug|Win32
		{04A93E67-A31F-4466-855E-D570693E8170}.Release|x64.ActiveCfg = Release|x64
		{04A93E67-A31F-4466-855E-D570693E8170}.Release|x64.Build.0 = Release|x64
		{04A93E67-A31F-4466-855E-D570693E8170}.Release|x86.ActiveCfg = Release|Win32
		{04A93E67-A31F-4466-855E-D570693E8170}.Release|x86.Build.0 = Release|Win32
		{DBA367E7-CF5E-47E9-89BA-52FFBD73E6FC}.Debug|x64.ActiveCfg = Debug|x64
		{DBA367E7-CF5E-47E9-89BA-52FFBD73E6FC}.Debug|x64.Build.0 = Debug|x64
		{DBA367E7-CF5E-47E9-89BA-52FFBD73E6FC}.Debug|x86.ActiveCfg = Debug|Win32
		{DBA367E7-CF5E-47E9-89BA-52FFBD73E6FC}.Debug|x86.Build.0 = Debug|Win32
		{DBA367E7-CF5E-47E9-89BA-52FFBD73E6FC}.Release|x64.ActiveCfg = Release|x64
		{DBA367E7-CF5E-47E9-89BA-52FFBD73E6FC}.Release|x64.Build.0 = Release|x64
		{DBA367E7-CF5E-47E9-89BA-52FFBD73E6FC}.Release|x86.ActiveCfg = Release|Win32
		{DBA367E7-CF5E-47E9-89BA-52FFBD73E6FC}.Release|x86.Build.0 = Release|Win32
		{10D87F93-F47A-48A9-A6FF-2F289A0F1F24}.Debug|x64.ActiveCfg = Debug|x64
		{10D87F93-F47A-48A9-A6FF-2F289A0F1F24}.Debug|x64.Build.0 = Debug|x64
		{10D87F93-F47A-48A9-A6FF-2F289A0F1F24}.Debug|x86.ActiveCfg = Debug|Win32
		{10D87F93-F47A-48A9-A6FF-2F289A0F1F24}.Debug|x86.Build.0 = Debug|Win32
		{10D87F93-F47A-48A9-A6FF-2F289A0F1F24}.Release|x64.ActiveCfg = Release|x64
		{10D87F93-F47A-48A9-A6FF-2F289A0F1F24}.Release|x64.Build.0 = Release|x64
		{10D87F93-F47A-48A9-A6FF-2F289A0F1F24}.Release|x86.ActiveCfg = Release|Win32
		{10D87F93-F47A-48A9-A6FF-2F289A0F1F24}.Release|x86.Build.0 = Release|Win32
		{057DA996-1C78-4738-B410-A090868DF530}.Debug|x64.ActiveCfg = Debug|x64
		{057DA996-1C78-4738-B410-A090868DF530}.Debug|x64.Build.0 = Debug|x64
		{057DA996-1C78-4738-B410-A090868DF530}.Debug|x86.ActiveCfg = Debug|Win32
		{057DA996-1C78-4738-B410-A090868DF530}.Debug|x86.Build.0 = Debug|Win32
		{057DA996-1C78-4738-B410-A090868DF530}.Release|x64.ActiveCfg = Release|x64
		{057DA996-1C78-4738-B410-A090868DF530}.Release|x64.Build.0 = Release|x64
		{057DA996-1C78-4738-B410-A090868DF530}.Release|x86.ActiveCfg = Release|Win32
		{057DA996-1C78-4738-B410-A090868DF530}.Release|x86.Build.0 = Release|Win32
		{B15FB693-AAFA-4FC6-8632-AD6CE3B951C6}.Debug|x64.ActiveCfg = Debug|x64
		{B15FB693-AAFA-4FC6-8632-AD6CE3B951C6}.Debug|x64.Build.0 = Debug|x64
		{B15FB693-AAFA-4FC6-8632-AD6CE3B951C6}.Debug|x86.ActiveCfg = Debug|Win32
		{B15FB693-AAFA-4FC6-8632-AD6CE3B951C6}.Debug|x86.Build.0 = Debug|Win32
		{B15FB693-AAFA-4FC6-8632-AD6CE3B951C6}.Release|x64.ActiveCfg = Release|x64
		{B15FB693-AAFA-4FC6-8632-AD6CE3B951C6}.Release|x64.Build.0 = Release|x64
		{B15FB693-AAFA-4FC6-8632-AD6CE3B951C6}.Release|x86.ActiveCfg = Release|Win32
		{B15FB693-AAFA-4FC6-8632-AD6CE3B951C6}.Release|x86.Build.0 = Release|Win32
		{1FBD8BE4-133A-407F-8747-A34D62DDC6DF}.Debug|x64.ActiveCfg = Debug|x64
		{1FBD8BE4-133A-407F-8747-A34D62DDC6DF}.Debug|x64.Build.0 = Debug|x64
		{1FBD8BE4-133A-407F-8747-A34D62DDC6DF}.Debug|x86.ActiveCfg = Debug|Win32
		{1FBD8BE4-133A-407F-8747-A34D62DDC6DF}.Debug|x86.Build.0 = Debug|Win32
		{1FBD8BE4-133A-407F-8747-A34D62DDC6DF}.Release|x64.ActiveCfg = Release|x64
		{1FBD8BE4-133A-407F-8747-A34D62DDC6DF}.Release|x64.Build.0 = Release|x64
		{1FBD8BE4-133A-407F-8747-A34D62DDC6DF}.Release|x86.ActiveCfg = Release|Win32
		{1FBD8BE4-133A-407F-8747-A34D62DDC6DF}.Release|x86.Build.0 = Release|Win32
		{F4E2F06C-4036-4BEC-96D6-736F8FD5C414}.Debug|x64.ActiveCfg = Debug|x64
		{F4E2F06C-4036-4BEC-96D6-736F8FD5C414}.Debug|x64.Build.0 = Debug|x64
		{F4E2F06C-4036-4BEC-96D6-736F8FD5C414}.Debug|x86.ActiveCfg = Debug|Win32
		{F4E2F06C-4036-4BEC-96D6-736F8FD5C414}.Debug|x86.Build.0 = Debug|Win32
		{F4E2F06C-4036-4BEC-96D6-736F8FD5C414}.Release|x64.ActiveCfg = Release|x64
		{F4E2F06C-4036-4BEC-96D6-736F8FD5C414}.Release|x64.Build.0 = Release|x64
		{F4E2F06C-4036-4BEC-96D6-736F8FD5C414}.Release|x86.ActiveCfg = Release|Win32
		{F4E2F06C-4036-4BEC-96D6-736F8FD5C414}.Release|x86.Build.0 = Release|Win32
		{3C485481-AAAC-4410-A1EE-F43473E52C0B}.Debug|x64.ActiveCfg = Debug|x64
		{3C485481-AAAC-4410-A1EE-F43473E52C0B}.Debug|x64.Build.0 = Debug|x64
		{3C485481-AAAC-4410-A1EE-F43473E52C0B}.Debug|x86.ActiveCfg = Debug|Win32
		{3C485481-AAAC-4410-A1EE-F43473E52C0B}.Debug|x86.Build.0 = Debug|Win32
		{3C485481-AAAC-4410-A1EE-F43473E52C0B}.Release|x64.ActiveCfg = Release|x64
		{3C485481-AAAC-4410-A1EE-F43473E52C0B}.Release|x64.Build.0 = Release|x64
		{3C485481-AAAC-4410-A1EE-F43473E52C0B}.Release|x86.ActiveCfg = Release|Win32
		{3C485481-AAAC-4410-A1EE-F43473E52C0B}.Release|x86.Build.0 = Release|Win32
		{BA22E2BA-5643-4B13-8513-AD1013A5D31D}.Debug|x64.ActiveCfg = Debug|x64
		{BA22E2BA-5643-4B13-8513-AD1013A5D31D}.Debug|x64.Build.0 = Debug|x64
		{BA22E2BA-5643-4B13-8513-AD1013A5D31D}.Debug|x86.ActiveCfg = Debug|Win32
		{BA22E2BA-5643-4B13-8513-AD1013A5D31D}.Debug|x86.Build.0 = Debug|Win32
		{BA22E2BA-5643-4B13-8513-AD1013A5D31D}.Release|x64.ActiveCfg = Release|x64
		{BA22E2BA-5643-4B13-8513-AD1013A5D31D}.Release|x64.Build.0 = Release|x64
		{BA22E2BA-5643-4B13-8513-AD1013A5D31D}.Release|x86.ActiveCfg = Release|Win32
		{BA22E2BA-5643-4B13-8513-AD1013A5D31D}.Release|x86.Build.0 = Release|Win32
		{A650FE72-C311-4D6E-9FE7-8DCCC982B3F7}.Debug|x64.ActiveCfg = Debug|x64
		{A650FE72-C311-4D6E-9FE7-8DCCC982B3F7}.Debug|x64.Build.0 = Debug|x64
		{A650FE72-C311-4D6E-9FE7-8DCCC982B3F7}.Debug|x86.ActiveCfg = Debug|Win32
		{A650FE72-C311-4D6E-9FE7-8DCCC982B3F7}.Debug|x86.Build.0 = Debug|Win32
		{A650FE72-C311-4D6E-9FE7-8DCCC982B3F7}.Release|x64.ActiveCfg = Release|x64
		{A650FE72-C311-4D6E-9FE7-8DCCC982B3F7}.Release|x64.Build.0 = Release|x64
		{A650FE72-C311-4D6E-9FE7-8DCCC982B3F7}.Release|x86.ActiveCfg = Release|Win32
		{A650FE72-C311-4D6E-9FE7-8DCCC982B3F7}.Release|x86.Build.0 = Release|Win32
		{3FDABE8A-596E-4390-8ACE-B05366E10A44}.Debug|x64.ActiveCfg = Debug|x64
		{3FDABE8A-596E-4390-8ACE-B05366E10A44}.Debug|x64.Build.0 = Debug|x64
		{3FDABE8A-596E-4390-8ACE-B05366E10A44}.Debug|x86.ActiveCfg = Debug|Win32
		{3FDABE8A-596E-4390-8ACE-B05366E10A44}.Debug|x86.Build.0 = Debug|Win32
		{3FDABE8A-596E-4390-8ACE-B05366E10A44}.Release|x64.ActiveCfg = Release|x64
		{3FDABE8A-596E-4390-8ACE-B05366E10A44}.Release|x64.Build.0 = Release|x64
		{3FDABE8A-596E-4390-8ACE-B05366E10A44}.Release|x86.ActiveCfg = Release|Win32
		{3FDABE8A-596E-4390-8ACE-B05366E10A44}.Release|x86.Build.0 = Release|Win32
		{CFA5CCE6-BA46-4210-B020-E441A8C102EB}.Debug|x64.ActiveCfg = Debug|x64
		{CFA5CCE6-BA46-4210-B020-E441A8C102EB}.Debug|x64.Build.0 = Debug|x64
		{CFA5CCE6-BA46-4210-B020-E441A8C102EB}.Debug|x86.ActiveCfg = Debug|Win32
		{CFA5CCE6-BA46-4210-B020-E441A8C102EB}.Debug|x86.Build.0 = Debug|Win32
		{CFA5CCE6-BA46-4210-B020-E441A8C102EB}.Release|x64.ActiveCfg = Release|x64
		{CFA5CCE6-BA46-4210-B020-E441A8C102EB}.Release|x64.Build.0 = Release|x64
		{CFA5CCE6-BA46-4210-B020-E441A8C102EB}.Release|x86.ActiveCfg = Release|Win32
		{CFA5CCE6-BA46-4210-B020-E441A8C102EB}.Release|x86.Build.0 = Release|Win32
		{5FBA5E30-FA2C-479C-8761-C47EC7F8AA71}.Debug|x64.ActiveCfg = Debug|x64
		{5FBA5E30-FA2C-479C-8761-C47EC7F8AA71}.Debug|x64.Build.0 = Debug|x64
		{5FBA5E30-FA2C-479C-8761-C47EC7F8AA71}.Debug|x86.ActiveCfg = Debug|Win32
		{5FBA5E30-FA2C-479C-8761-C47EC7F8AA71}.Debug|x86.Build.0 = Debug|Win32
		{5FBA5E30-FA2C-479C-8761-C47EC7F8AA71}.Release|x64.ActiveCfg = Release|x64
		{5FBA5E30-FA2C-479C-8761-C47EC7F8AA71}.Release|x64.Build.0 = Release|x64
		{5FBA5E30-FA2C-479C-8761-C47EC7F8AA71}.Release|x86.ActiveCfg = Release|Win32
		{5FBA5E30-FA2C-479C-8761-C47EC7F8AA71}.Release|x86.Build.0 = Release|Win32
		{7C501D53-9C57-41E8-95BC-F58A11621256}.Debug|x64.ActiveCfg = Debug|x64
		{7C501D53-9C57-41E8-95BC-F58A11621256}.Debug|x64.Build.0 = Debug|x64
		{7C501D53-9C57-41E8-95BC-F58A11621256}.Debug|x86.ActiveCfg = Debug|Win32
		{7C501D53-9C57-41E8-95BC-F58A11621256}.Debug|x86.Build.0 = Debug|Win32
		{7C501D53-9C57-41E8-95BC-F58A11621256}.Release|x64.ActiveCfg = Release|x64
		{7C501D53-9C57-41E8-95BC-F58A11621256}.Release|x64.Build.0 = Release|x64
		{7C501D53-9C57-41E8-95BC-F58A11621256}.Release|x86.ActiveCfg = Release|Win32
		{7C501D53-9C57-41E8-95BC-F58A11621256}.Release|x86.Build.0 = Release|Win32
	EndGlobalSection
	GlobalSection(SolutionProperties) = preSolution
		HideSolutionNode = FALSE
	EndGlobalSection
	GlobalSection(NestedProjects) = preSolution
		{FB07C77A-0F41-45CD-994D-B2F8CEAF968D} = {E7296ADA-1803-4626-80E4-400D2655CFFF}
		{AADDE72C-2933-4C05-8086-51870FC362A7} = {E7296ADA-1803-4626-80E4-400D2655CFFF}
		{FD24B9AC-76DB-41EC-9AFA-5540E908A5CE} = {E7296ADA-1803-4626-80E4-400D2655CFFF}
		{E6F9D674-4828-426A-873F-354BA835C71C} = {E7296ADA-1803-4626-80E4-400D2655CFFF}
		{78BB5F68-326F-4441-AFF0-9BADF4E92F9C} = {E7296ADA-1803-4626-80E4-400D2655CFFF}
		{311C2D53-9554-4BDB-9AD9-629823598EE8} = {E7296ADA-1803-4626-80E4-400D2655CFFF}
		{2C4F1E4C-B0A8-4D07-B594-E60A08428174} = {E7296ADA-1803-4626-80E4-400D2655CFFF}
		{A0C77A8F-09BD-497F-8CFA-95D0C0AA4009} = {E7296ADA-1803-4626-80E4-400D2655CFFF}
		{EA74DD1D-8B72-4F65-B5C5-22271BB38482} = {E7296ADA-1803-4626-80E4-400D2655CFFF}
		{07D7E375-2521-4AD0-A10E-0C9CFF306179} = {E7296ADA-1803-4626-80E4-400D2655CFFF}
		{A2C9456F-AD1C-4B57-B0FB-CA0693FB16C0} = {E7296ADA-1803-4626-80E4-400D2655CFFF}
		{D39DAF3C-676B-46E7-B82F-41BB1A51031F} = {E7296ADA-1803-4626-80E4-400D2655CFFF}
		{0653B75D-07C5-449D-BAA0-B4D37109B887} = {E7296ADA-1803-4626-80E4-400D2655CFFF}
		{180B97F6-E890-4646-8698-C8720B09F41A} = {E7296ADA-1803-4626-80E4-400D2655CFFF}
		{594A18CD-633E-4C3F-A7F7-527A50186100} = {512435C1-8B0C-4490-8582-F3EECF56DC3A}
		{6A62F774-B91D-4862-886D-EE0555E8072F} = {512435C1-8B0C-4490-8582-F3EECF56DC3A}
		{E82F3E5D-15D8-446A-A672-85F8EECF014D} = {512435C1-8B0C-4490-8582-F3EECF56DC3A}
		{AB1BF38C-EEC8-44A7-9132-FD8663188611} = {512435C1-8B0C-4490-8582-F3EECF56DC3A}
		{01DBE06A-170C-4F0B-A051-2779A54BCE5E} = {814BBECA-6808-4EB5-A75C-6E0CBA6D83CE}
		{824D1A18-14AE-4F00-8C96-0A35A660FEF6} = {814BBECA-6808-4EB5-A75C-6E0CBA6D83CE}
		{C880C221-C3D6-4325-BC6A-73C9364AB4EA} = {5426EADD-30DA-40AF-9114-183F405CBFF8}
		{6BC6B93E-4773-40A0-81E3-0D5E8F94690A} = {5426EADD-30DA-40AF-9114-183F405CBFF8}
		{1177D1FA-F9E3-4B66-9855-204E13BF9999} = {3B2D42E6-793C-4657-A416-9623B980AC99}
		{47D309B8-2E6B-4159-B7C6-64A28D7F0D03} = {3B2D42E6-793C-4657-A416-9623B980AC99}
		{3FE9C0CD-26CC-4BE1-84B4-FACD43DA0EF6} = {59A003E6-7A65-48D1-9583-0891A19BC7A1}
		{C6D381FD-FFDC-43D3-991A-795EB0C161BA} = {59A003E6-7A65-48D1-9583-0891A19BC7A1}
		{4C1C5962-7FF4-4D32-8AB0-1FF85BDBBF8E} = {59A003E6-7A65-48D1-9583-0891A19BC7A1}
		{8A687980-3708-4CEB-9F8C-EB88E2293BBA} = {59A003E6-7A65-48D1-9583-0891A19BC7A1}
		{AED3046F-532D-4516-B130-E9374E1A8A61} = {7B13313C-F5A8-41B6-86AE-962E8D1A2D3D}
		{59A003E6-7A65-48D1-9583-0891A19BC7A1} = {5426EADD-30DA-40AF-9114-183F405CBFF8}
		{3B2D42E6-793C-4657-A416-9623B980AC99} = {5426EADD-30DA-40AF-9114-183F405CBFF8}
		{7B13313C-F5A8-41B6-86AE-962E8D1A2D3D} = {5426EADD-30DA-40AF-9114-183F405CBFF8}
		{81B1B0AD-4842-402F-954D-DC60910DD295} = {7B13313C-F5A8-41B6-86AE-962E8D1A2D3D}
		{44801027-CD49-4C33-B331-AB9219462F98} = {7B13313C-F5A8-41B6-86AE-962E8D1A2D3D}
		{4F9AD20D-2F03-4A40-9164-8BC27F55DC49} = {5426EADD-30DA-40AF-9114-183F405CBFF8}
		{E54D033B-777A-4006-AE00-3992AB6309ED} = {4F9AD20D-2F03-4A40-9164-8BC27F55DC49}
		{2F21035B-5ED9-4327-B809-03B083315E76} = {4F9AD20D-2F03-4A40-9164-8BC27F55DC49}
		{337DC908-22E8-4801-9309-9CDF166D2992} = {4F9AD20D-2F03-4A40-9164-8BC27F55DC49}
		{B8847CB9-19FC-41E7-B3E2-58CC0BA5B87C} = {814BBECA-6808-4EB5-A75C-6E0CBA6D83CE}
		{A84E6435-54B0-4678-8964-272BCB34FD6C} = {69E01A83-6D3C-4B2A-8AF4-EDE099D16C2A}
		{525604B2-6FE8-45B2-9972-8DC3B2500C03} = {69E01A83-6D3C-4B2A-8AF4-EDE099D16C2A}
		{04A93E67-A31F-4466-855E-D570693E8170} = {69E01A83-6D3C-4B2A-8AF4-EDE099D16C2A}
		{DBA367E7-CF5E-47E9-89BA-52FFBD73E6FC} = {69E01A83-6D3C-4B2A-8AF4-EDE099D16C2A}
		{10D87F93-F47A-48A9-A6FF-2F289A0F1F24} = {69E01A83-6D3C-4B2A-8AF4-EDE099D16C2A}
		{057DA996-1C78-4738-B410-A090868DF530} = {69E01A83-6D3C-4B2A-8AF4-EDE099D16C2A}
		{B15FB693-AAFA-4FC6-8632-AD6CE3B951C6} = {A2BCD85E-E25B-4E31-9FC9-67933454E789}
		{1FBD8BE4-133A-407F-8747-A34D62DDC6DF} = {814BBECA-6808-4EB5-A75C-6E0CBA6D83CE}
		{F4E2F06C-4036-4BEC-96D6-736F8FD5C414} = {A2BCD85E-E25B-4E31-9FC9-67933454E789}
		{3C485481-AAAC-4410-A1EE-F43473E52C0B} = {A2BCD85E-E25B-4E31-9FC9-67933454E789}
		{BA22E2BA-5643-4B13-8513-AD1013A5D31D} = {A2BCD85E-E25B-4E31-9FC9-67933454E789}
		{A2BCD85E-E25B-4E31-9FC9-67933454E789} = {6C425B87-90A0-4FFD-BB1A-A07F2661F108}
		{A650FE72-C311-4D6E-9FE7-8DCCC982B3F7} = {A2BCD85E-E25B-4E31-9FC9-67933454E789}
		{5E833B56-FB33-435A-B986-C1CACAB5115F} = {6C425B87-90A0-4FFD-BB1A-A07F2661F108}
		{3FDABE8A-596E-4390-8ACE-B05366E10A44} = {5E833B56-FB33-435A-B986-C1CACAB5115F}
		{CFA5CCE6-BA46-4210-B020-E441A8C102EB} = {5E833B56-FB33-435A-B986-C1CACAB5115F}
		{63FE28FC-E60D-4D46-9C1A-4D2839ED5D37} = {6C425B87-90A0-4FFD-BB1A-A07F2661F108}
		{5FBA5E30-FA2C-479C-8761-C47EC7F8AA71} = {63FE28FC-E60D-4D46-9C1A-4D2839ED5D37}
		{7C501D53-9C57-41E8-95BC-F58A11621256} = {63FE28FC-E60D-4D46-9C1A-4D2839ED5D37}
	EndGlobalSection
	GlobalSection(ExtensibilityGlobals) = postSolution
		SolutionGuid = {E71AF455-8E53-4651-BAD3-91076A1E160F}
	EndGlobalSection
EndGlobal
